
Microsoft Visual Studio Solution File, Format Version 12.00
# Visual Studio Version 16
VisualStudioVersion = 16.0.33423.256
MinimumVisualStudioVersion = 10.0.40219.1
Project("{FAE04EC0-301F-11D3-BF4B-00C04F79EFBC}") = "Bluetooth_Forms", "Bluetooth_Forms\Bluetooth_Forms.csproj", "{B1749C60-50BF-42F6-95A5-DACF8E313C44}"
EndProject
Project("{FAE04EC0-301F-11D3-BF4B-00C04F79EFBC}") = "WindowsFormsBL", "WindowsFormsBL\WindowsFormsBL.csproj", "{C3E69400-163A-491B-AEAE-F42B73FD16D4}"
EndProject
Global
	GlobalSection(SolutionConfigurationPlatforms) = preSolution
		Debug|Any CPU = Debug|Any CPU
		Release|Any CPU = Release|Any CPU
	EndGlobalSection
	GlobalSection(ProjectConfigurationPlatforms) = postSolution
		{B1749C60-50BF-42F6-95A5-DACF8E313C44}.Debug|Any CPU.ActiveCfg = Debug|Any CPU
		{B1749C60-50BF-42F6-95A5-DACF8E313C44}.Debug|Any CPU.Build.0 = Debug|Any CPU
		{B1749C60-50BF-42F6-95A5-DACF8E313C44}.Release|Any CPU.ActiveCfg = Release|Any CPU
		{B1749C60-50BF-42F6-95A5-DACF8E313C44}.Release|Any CPU.Build.0 = Release|Any CPU
		{C3E69400-163A-491B-AEAE-F42B73FD16D4}.Debug|Any CPU.ActiveCfg = Debug|Any CPU
		{C3E69400-163A-491B-AEAE-F42B73FD16D4}.Debug|Any CPU.Build.0 = Debug|Any CPU
		{C3E69400-163A-491B-AEAE-F42B73FD16D4}.Release|Any CPU.ActiveCfg = Release|Any CPU
		{C3E69400-163A-491B-AEAE-F42B73FD16D4}.Release|Any CPU.Build.0 = Release|Any CPU
	EndGlobalSection
	GlobalSection(SolutionProperties) = preSolution
		HideSolutionNode = FALSE
	EndGlobalSection
	GlobalSection(ExtensibilityGlobals) = postSolution
		SolutionGuid = {3826E722-2CDB-4CF6-A963-C63C08565D7D}
	EndGlobalSection
EndGlobal
